{
  "name": "@moodlenet/simple-file-store",
  "version": "0.2.0",
  "lockfileVersion": 3,
  "requires": true,
  "packages": {
    "": {
      "name": "@moodlenet/simple-file-store",
      "version": "0.2.0",
      "license": "AGPL-3.0",
      "dependencies": {
        "rimraf": "^4.1.2"
      },
      "devDependencies": {
        "@types/node": "^17.0.35",
        "typescript": "^4.7.2"
      },
      "engines": {
        "node": ">=16",
        "npm": ">=8",
        "yarn": "please-use-npm"
      },
      "peerDependencies": {
        "@moodlenet/arangodb": "^0.2.0",
        "@moodlenet/core": "^0.2.0",
        "@moodlenet/http-server": "^0.2.0"
      }
    },
    "node_modules/@types/node": {
      "version": "17.0.45",
      "resolved": "https://registry.npmjs.org/@types/node/-/node-17.0.45.tgz",
      "integrity": "sha512-w+tIMs3rq2afQdsPJlODhoUEKzFP1ayaoyl1CcnwtIlsVe7K7bA1NGm4s3PraqTLlXnbIN84zuBlxBWo1u9BLw==",
      "dev": true
    },
    "node_modules/rimraf": {
      "version": "4.1.2",
      "resolved": "https://registry.npmjs.org/rimraf/-/rimraf-4.1.2.tgz",
      "integrity": "sha512-BlIbgFryTbw3Dz6hyoWFhKk+unCcHMSkZGrTFVAx2WmttdBSonsdtRlwiuTbDqTKr+UlXIUqJVS4QT5tUzGENQ==",
      "bin": {
        "rimraf": "dist/cjs/src/bin.js"
      },
      "engines": {
        "node": ">=14"
      },
      "funding": {
        "url": "https://github.com/sponsors/isaacs"
      }
    },
    "node_modules/typescript": {
      "version": "4.9.5",
      "resolved": "https://registry.npmjs.org/typescript/-/typescript-4.9.5.tgz",
      "integrity": "sha512-1FXk9E2Hm+QzZQ7z+McJiHL4NW1F2EzMu9Nq9i3zAaGqibafqYwCVU6WyWAuyQRRzOlxou8xZSyXLEN8oKj24g==",
      "dev": true,
      "bin": {
        "tsc": "bin/tsc",
        "tsserver": "bin/tsserver"
      },
      "engines": {
        "node": ">=4.2.0"
      }
    }
  }
}
