# THIS IS AN AUTOGENERATED FILE. DO NOT EDIT THIS FILE DIRECTLY.
# yarn lockfile v1


"@babel/runtime@^7.7.6":
  version "7.18.6"
  resolved "https://registry.npmjs.org/@babel/runtime/-/runtime-7.18.6.tgz"
  integrity sha512-t9wi7/AW6XtKahAe20Yw0/mMljKq0B1r2fPdvaAdV/KPDZewFXdaaa6K7lxmZBZ8FBNpCiAT6iHPmd6QO9bKfQ==
  dependencies:
    regenerator-runtime "^0.13.4"

"@types/body-parser@*":
  version "1.19.2"
  resolved "https://registry.npmjs.org/@types/body-parser/-/body-parser-1.19.2.tgz#aea2059e28b7658639081347ac4fab3de166e6f0"
  integrity sha512-ALYone6pm6QmwZoAgeyNksccT9Q4AWZQ6PvfwR37GT6r6FWUPguq6sUmNGSMV2Wr761oQoBxwGGa6DR5o1DC9g==
  dependencies:
    "@types/connect" "*"
    "@types/node" "*"

"@types/connect@*":
  version "3.4.35"
  resolved "https://registry.npmjs.org/@types/connect/-/connect-3.4.35.tgz#5fcf6ae445e4021d1fc2219a4873cc73a3bb2ad1"
  integrity sha512-cdeYyv4KWoEgpBISTxWvqYsVy444DOqehiF3fM3ne10AmJ62RSyNkUnxMJXHQWRQQX2eR94m5y1IZyDwBjV9FQ==
  dependencies:
    "@types/node" "*"

"@types/express-serve-static-core@^4.17.18":
  version "4.17.31"
  resolved "https://registry.npmjs.org/@types/express-serve-static-core/-/express-serve-static-core-4.17.31.tgz#a1139efeab4e7323834bb0226e62ac019f474b2f"
  integrity sha512-DxMhY+NAsTwMMFHBTtJFNp5qiHKJ7TeqOo23zVEM9alT1Ml27Q3xcTH0xwxn7Q0BbMcVEJOs/7aQtUWupUQN3Q==
  dependencies:
    "@types/node" "*"
    "@types/qs" "*"
    "@types/range-parser" "*"

"@types/express@*":
  version "4.17.14"
  resolved "https://registry.npmjs.org/@types/express/-/express-4.17.14.tgz#143ea0557249bc1b3b54f15db4c81c3d4eb3569c"
  integrity sha512-TEbt+vaPFQ+xpxFLFssxUDXj5cWCxZJjIcB7Yg0k0GMHGtgtQgpvx/MUQUeAkNbA9AAGrwkAsoeItdTgS7FMyg==
  dependencies:
    "@types/body-parser" "*"
    "@types/express-serve-static-core" "^4.17.18"
    "@types/qs" "*"
    "@types/serve-static" "*"

"@types/mime@*":
  version "3.0.1"
  resolved "https://registry.npmjs.org/@types/mime/-/mime-3.0.1.tgz#5f8f2bca0a5863cb69bc0b0acd88c96cb1d4ae10"
  integrity sha512-Y4XFY5VJAuw0FgAqPNd6NNoV44jbq9Bz2L7Rh/J6jLTiHBSBJa9fxqQIvkIld4GsoDOcCbvzOUAbLPsSKKg+uA==

"@types/node@*":
  version "18.7.21"
  resolved "https://registry.npmjs.org/@types/node/-/node-18.7.21.tgz#63ee6688070e456325b6748dc492a7b948593871"
  integrity sha512-rLFzK5bhM0YPyCoTC8bolBjMk7bwnZ8qeZUBslBfjZQou2ssJdWslx9CZ8DGM+Dx7QXQiiTVZ/6QO6kwtHkZCA==

"@types/node@^17.0.35":
  version "17.0.45"
  resolved "https://registry.npmjs.org/@types/node/-/node-17.0.45.tgz#2c0fafd78705e7a18b7906b5201a522719dc5190"
  integrity sha512-w+tIMs3rq2afQdsPJlODhoUEKzFP1ayaoyl1CcnwtIlsVe7K7bA1NGm4s3PraqTLlXnbIN84zuBlxBWo1u9BLw==

"@types/oauth@*":
  version "0.9.1"
  resolved "https://registry.npmjs.org/@types/oauth/-/oauth-0.9.1.tgz#e17221e7f7936b0459ae7d006255dff61adca305"
  integrity sha512-a1iY62/a3yhZ7qH7cNUsxoI3U/0Fe9+RnuFrpTKr+0WVOzbKlSLojShCKe20aOD1Sppv+i8Zlq0pLDuTJnwS4A==
  dependencies:
    "@types/node" "*"

"@types/passport-google-oauth20@^2.0.11":
  version "2.0.11"
  resolved "https://registry.npmjs.org/@types/passport-google-oauth20/-/passport-google-oauth20-2.0.11.tgz#271ec71de3030a3e1c004b24e633e4b298ccba97"
  integrity sha512-9XMT1GfwhZL7UQEiCepLef55RNPHkbrCtsU7rsWPTEOsmu5qVIW8nSemtB4p+P24CuOhA+IKkv8LsPThYghGww==
  dependencies:
    "@types/express" "*"
    "@types/passport" "*"
    "@types/passport-oauth2" "*"

"@types/passport-oauth2@*":
  version "1.4.11"
  resolved "https://registry.npmjs.org/@types/passport-oauth2/-/passport-oauth2-1.4.11.tgz#fbca527ecb44258774d17bcb251630c321515fa9"
  integrity sha512-KUNwmGhe/3xPbjkzkPwwcPmyFwfyiSgtV1qOrPBLaU4i4q9GSCdAOyCbkFG0gUxAyEmYwqo9OAF/rjPjJ6ImdA==
  dependencies:
    "@types/express" "*"
    "@types/oauth" "*"
    "@types/passport" "*"

"@types/passport@*", "@types/passport@^1.0.9":
  version "1.0.11"
  resolved "https://registry.npmjs.org/@types/passport/-/passport-1.0.11.tgz#d046b41e28b280f4e7994614fb976e9b449cb7c6"
  integrity sha512-pz1cx9ptZvozyGKKKIPLcVDVHwae4hrH5d6g5J+DkMRRjR3cVETb4jMabhXAUbg3Ov7T22nFHEgaK2jj+5CBpw==
  dependencies:
    "@types/express" "*"

"@types/prop-types@*":
  version "15.7.5"
  resolved "https://registry.npmjs.org/@types/prop-types/-/prop-types-15.7.5.tgz#5f19d2b85a98e9558036f6a3cacc8819420f05cf"
  integrity sha512-JCB8C6SnDoQf0cNycqd/35A7MjcnK+ZTqE7judS6o7utxUCg6imJg3QK2qzHKszlTjcj2cn+NwMB2i96ubpj7w==

"@types/qs@*":
  version "6.9.7"
  resolved "https://registry.npmjs.org/@types/qs/-/qs-6.9.7.tgz#63bb7d067db107cc1e457c303bc25d511febf6cb"
  integrity sha512-FGa1F62FT09qcrueBA6qYTrJPVDzah9a+493+o2PCXsesWHIn27G98TsSMs3WPNbZIEj4+VJf6saSFpvD+3Zsw==

"@types/range-parser@*":
  version "1.2.4"
  resolved "https://registry.npmjs.org/@types/range-parser/-/range-parser-1.2.4.tgz#cd667bcfdd025213aafb7ca5915a932590acdcdc"
  integrity sha512-EEhsLsD6UsDM1yFhAvy0Cjr6VwmpMWqFBCb9w07wVugF7w9nfajxLuVmngTIpgS6svCnm6Vaw+MZhoDCKnOfsw==

"@types/react-dom@^18.0.5":
  version "18.0.6"
  resolved "https://registry.npmjs.org/@types/react-dom/-/react-dom-18.0.6.tgz#36652900024842b74607a17786b6662dd1e103a1"
  integrity sha512-/5OFZgfIPSwy+YuIBP/FgJnQnsxhZhjjrnxudMddeblOouIodEQ75X14Rr4wGSG/bknL+Omy9iWlLo1u/9GzAA==
  dependencies:
    "@types/react" "*"

"@types/react@*", "@types/react@^18.0.9":
  version "18.0.21"
  resolved "https://registry.npmjs.org/@types/react/-/react-18.0.21.tgz#b8209e9626bb00a34c76f55482697edd2b43cc67"
  integrity sha512-7QUCOxvFgnD5Jk8ZKlUAhVcRj7GuJRjnjjiY/IUBWKgOlnvDvTMLD4RTF7NPyVmbRhNrbomZiOepg7M/2Kj1mA==
  dependencies:
    "@types/prop-types" "*"
    "@types/scheduler" "*"
    csstype "^3.0.2"

"@types/scheduler@*":
  version "0.16.2"
  resolved "https://registry.npmjs.org/@types/scheduler/-/scheduler-0.16.2.tgz#1a62f89525723dde24ba1b01b092bf5df8ad4d39"
  integrity sha512-hppQEBDmlwhFAXKJX2KnWLYu5yMfi91yazPb2l+lbJiwW+wdo1gNeRA+3RgNSO39WYX2euey41KEwnqesU2Jew==

"@types/serve-static@*":
  version "1.15.0"
  resolved "https://registry.npmjs.org/@types/serve-static/-/serve-static-1.15.0.tgz#c7930ff61afb334e121a9da780aac0d9b8f34155"
  integrity sha512-z5xyF6uh8CbjAu9760KDKsH2FcDxZ2tFCsA4HIMWE6IkiYMXfVoa+4f9KX+FN0ZLsaMw1WNG2ETLA6N+/YA+cg==
  dependencies:
    "@types/mime" "*"
    "@types/node" "*"

base64url@3.x.x:
  version "3.0.1"
  resolved "https://registry.npmjs.org/base64url/-/base64url-3.0.1.tgz#6399d572e2bc3f90a9a8b22d5dbb0a32d33f788d"
  integrity sha512-ir1UPr3dkwexU7FdV8qBBbNDRUhMmIekYMFZfi+C/sLNnRESKPl23nB9b2pltqfOQNnGzsDdId90AEtG5tCx4A==

csstype@^3.0.2:
  version "3.1.1"
  resolved "https://registry.npmjs.org/csstype/-/csstype-3.1.1.tgz#841b532c45c758ee546a11d5bd7b7b473c8c30b9"
  integrity sha512-DJR/VvkAvSZW9bTouZue2sSxDwdTN92uHjqeKVm+0dAqdfNykRzQ95tay8aXMBAAPpUiq4Qcug2L7neoRh2Egw==

history@^5.2.0:
  version "5.3.0"
  resolved "https://registry.npmjs.org/history/-/history-5.3.0.tgz"
  integrity sha512-ZqaKwjjrAYUYfLG+htGaIIZ4nioX2L70ZUMIFysS3xvBsSG4x/n1V6TXV3N8ZYNuFGlDirFg32T7B6WOUPDYcQ==
  dependencies:
    "@babel/runtime" "^7.7.6"

oauth@0.9.x:
  version "0.9.15"
  resolved "https://registry.npmjs.org/oauth/-/oauth-0.9.15.tgz#bd1fefaf686c96b75475aed5196412ff60cfb9c1"
  integrity sha512-a5ERWK1kh38ExDEfoO6qUHJb32rd7aYmPHuyCu3Fta/cnICvYmgd2uhuKXvPD+PXB+gCEYYEaQdIRAjCOwAKNA==

passport-google-oauth20@^2.0.0:
  version "2.0.0"
  resolved "https://registry.npmjs.org/passport-google-oauth20/-/passport-google-oauth20-2.0.0.tgz#0d241b2d21ebd3dc7f2b60669ec4d587e3a674ef"
  integrity sha512-KSk6IJ15RoxuGq7D1UKK/8qKhNfzbLeLrG3gkLZ7p4A6DBCcv7xpyQwuXtWdpyR0+E0mwkpjY1VfPOhxQrKzdQ==
  dependencies:
    passport-oauth2 "1.x.x"

passport-oauth2@1.x.x:
  version "1.6.1"
  resolved "https://registry.npmjs.org/passport-oauth2/-/passport-oauth2-1.6.1.tgz#c5aee8f849ce8bd436c7f81d904a3cd1666f181b"
  integrity sha512-ZbV43Hq9d/SBSYQ22GOiglFsjsD1YY/qdiptA+8ej+9C1dL1TVB+mBE5kDH/D4AJo50+2i8f4bx0vg4/yDDZCQ==
  dependencies:
    base64url "3.x.x"
    oauth "0.9.x"
    passport-strategy "1.x.x"
    uid2 "0.0.x"
    utils-merge "1.x.x"

passport-strategy@1.x.x:
  version "1.0.0"
  resolved "https://registry.npmjs.org/passport-strategy/-/passport-strategy-1.0.0.tgz#b5539aa8fc225a3d1ad179476ddf236b440f52e4"
  integrity sha512-CB97UUvDKJde2V0KDWWB3lyf6PC3FaZP7YxZ2G8OAtn9p4HI9j9JLP9qjOGZFvyl8uwNT8qM+hGnz/n16NI7oA==

passport@^0.6.0:
  version "0.6.0"
  resolved "https://registry.npmjs.org/passport/-/passport-0.6.0.tgz#e869579fab465b5c0b291e841e6cc95c005fac9d"
  integrity sha512-0fe+p3ZnrWRW74fe8+SvCyf4a3Pb2/h7gFkQ8yTJpAO50gDzlfjZUZTO1k5Eg9kUct22OxHLqDZoKUWRHOh9ug==
  dependencies:
    passport-strategy "1.x.x"
    pause "0.0.1"
    utils-merge "^1.0.1"

pause@0.0.1:
  version "0.0.1"
  resolved "https://registry.npmjs.org/pause/-/pause-0.0.1.tgz#1d408b3fdb76923b9543d96fb4c9dfd535d9cb5d"
  integrity sha512-KG8UEiEVkR3wGEb4m5yZkVCzigAD+cVEJck2CzYZO37ZGJfctvVptVO192MwrtPhzONn6go8ylnOdMhKqi4nfg==

react-router-dom@^6.3.0:
  version "6.3.0"
  resolved "https://registry.npmjs.org/react-router-dom/-/react-router-dom-6.3.0.tgz"
  integrity sha512-uaJj7LKytRxZNQV8+RbzJWnJ8K2nPsOOEuX7aQstlMZKQT0164C+X2w6bnkqU3sjtLvpd5ojrezAyfZ1+0sStw==
  dependencies:
    history "^5.2.0"
    react-router "6.3.0"

react-router@6.3.0:
  version "6.3.0"
  resolved "https://registry.npmjs.org/react-router/-/react-router-6.3.0.tgz"
  integrity sha512-7Wh1DzVQ+tlFjkeo+ujvjSqSJmkt1+8JO+T5xklPlgrh70y7ogx75ODRW0ThWhY7S+6yEDks8TYrtQe/aoboBQ==
  dependencies:
    history "^5.2.0"

regenerator-runtime@^0.13.4:
  version "0.13.9"
  resolved "https://registry.npmjs.org/regenerator-runtime/-/regenerator-runtime-0.13.9.tgz"
  integrity sha512-p3VT+cOEgxFsRRA9X4lkI1E+k2/CtnKtU4gcxyaCUreilL/vqI6CdZ3wxVUx3UOUg+gnUOQQcRI7BmSI656MYA==

typescript@^4.7.2:
  version "4.8.3"
  resolved "https://registry.npmjs.org/typescript/-/typescript-4.8.3.tgz#d59344522c4bc464a65a730ac695007fdb66dd88"
  integrity sha512-goMHfm00nWPa8UvR/CPSvykqf6dVV8x/dp0c5mFTMTIu0u0FlGWRioyy7Nn0PGAdHxpJZnuO/ut+PpQ8UiHAig==

uid2@0.0.x:
  version "0.0.4"
  resolved "https://registry.npmjs.org/uid2/-/uid2-0.0.4.tgz#033f3b1d5d32505f5ce5f888b9f3b667123c0a44"
  integrity sha512-IevTus0SbGwQzYh3+fRsAMTVVPOoIVufzacXcHPmdlle1jUpq7BRL+mw3dgeLanvGZdwwbWhRV6XrcFNdBmjWA==

utils-merge@1.x.x, utils-merge@^1.0.1:
  version "1.0.1"
  resolved "https://registry.npmjs.org/utils-merge/-/utils-merge-1.0.1.tgz#9f95710f50a267947b2ccc124741c1028427e713"
  integrity sha512-pMZTvIkT1d+TFGvDOqodOclx0QWkkgi6Tdoa8gC8ffGAAqz9pzPTZWAybbsHHoED/ztMtkv/VoYTYyShUn81hA==
