# THIS IS AN AUTOGENERATED FILE. DO NOT EDIT THIS FILE DIRECTLY.
# yarn lockfile v1


"@babel/runtime@^7.10.5":
  version "7.12.13"
  resolved "https://registry.yarnpkg.com/@babel/runtime/-/runtime-7.12.13.tgz#0a21452352b02542db0ffb928ac2d3ca7cb6d66d"
  integrity sha512-8+3UMPBrjFa/6TtKi/7sehPKqfAm4g6K+YQjyyFOLUTxzOngcRZTlAVY8sc2CORJYqdHQY8gRPHmn+qo15rCBw==
  dependencies:
    regenerator-runtime "^0.13.4"

"@types/lodash@^4.14.165":
  version "4.14.168"
  resolved "https://registry.yarnpkg.com/@types/lodash/-/lodash-4.14.168.tgz#fe24632e79b7ade3f132891afff86caa5e5ce008"
  integrity sha512-oVfRvqHV/V6D1yifJbVRU3TMp8OT6o6BG+U9MkwuJ3U8/CsDHvalRpsxBqivn71ztOFZBTfJMvETbqHiaNSj7Q==

"@types/path-to-regexp@^1.7.0":
  version "1.7.0"
  resolved "https://registry.yarnpkg.com/@types/path-to-regexp/-/path-to-regexp-1.7.0.tgz#f1af9d9c9db5f8ad80aa75ed424db665c48d6cd4"
  integrity sha1-8a+dnJ21+K2AqnXtQk22ZcSNbNQ=
  dependencies:
    path-to-regexp "*"

"@types/yup@^0.29.11":
  version "0.29.11"
  resolved "https://registry.yarnpkg.com/@types/yup/-/yup-0.29.11.tgz#d654a112973f5e004bf8438122bd7e56a8e5cd7e"
  integrity sha512-9cwk3c87qQKZrT251EDoibiYRILjCmxBvvcb4meofCmx1vdnNcR9gyildy5vOHASpOKMsn42CugxUvcwK5eu1g==

lodash-es@^4.17.11:
  version "4.17.20"
  resolved "https://registry.yarnpkg.com/lodash-es/-/lodash-es-4.17.20.tgz#29f6332eefc60e849f869c264bc71126ad61e8f7"
  integrity sha512-JD1COMZsq8maT6mnuz1UMV0jvYD0E0aUsSOdrr1/nAG3dhqQXwRRgeW0cSqH1U43INKcqxaiVIQNOUDld7gRDA==

lodash@^4.17.20:
  version "4.17.20"
  resolved "https://registry.yarnpkg.com/lodash/-/lodash-4.17.20.tgz#b44a9b6297bcb698f1c51a3545a2b3b368d59c52"
  integrity sha512-PlhdFcillOINfeV7Ni6oF1TAEayyZBoZ8bcshTHqOYJYlrqzRK5hagpagky5o4HfCzzd1TRkXPMFq6cKk9rGmA==

nanoclone@^0.2.1:
  version "0.2.1"
  resolved "https://registry.yarnpkg.com/nanoclone/-/nanoclone-0.2.1.tgz#dd4090f8f1a110d26bb32c49ed2f5b9235209ed4"
  integrity sha512-wynEP02LmIbLpcYw8uBKpcfF6dmg2vcpKqxeH5UcoKEYdExslsdUA4ugFauuaeYdTB76ez6gJW8XAZ6CgkXYxA==

path-to-regexp@*, path-to-regexp@^6.2.0:
  version "6.2.0"
  resolved "https://registry.yarnpkg.com/path-to-regexp/-/path-to-regexp-6.2.0.tgz#f7b3803336104c346889adece614669230645f38"
  integrity sha512-f66KywYG6+43afgE/8j/GoiNyygk/bnoCbps++3ErRKsIYkGGupyv07R2Ok5m9i67Iqc+T2g1eAUGUPzWhYTyg==

property-expr@^2.0.4:
  version "2.0.4"
  resolved "https://registry.yarnpkg.com/property-expr/-/property-expr-2.0.4.tgz#37b925478e58965031bb612ec5b3260f8241e910"
  integrity sha512-sFPkHQjVKheDNnPvotjQmm3KD3uk1fWKUN7CrpdbwmUx3CrG3QiM8QpTSimvig5vTXmTvjz7+TDvXOI9+4rkcg==

regenerator-runtime@^0.13.4:
  version "0.13.7"
  resolved "https://registry.yarnpkg.com/regenerator-runtime/-/regenerator-runtime-0.13.7.tgz#cac2dacc8a1ea675feaabaeb8ae833898ae46f55"
  integrity sha512-a54FxoJDIr27pgf7IgeQGxmqUNYrcV338lf/6gH456HZ/PhX+5BcwHXG9ajESmwe6WRO0tAzRUrRmNONWgkrew==

run-script-os@^1.1.5:
  version "1.1.5"
  resolved "https://registry.yarnpkg.com/run-script-os/-/run-script-os-1.1.5.tgz#6038a92b370a1cbca5fa2fa73d1c740b0037b6ff"
  integrity sha512-kLvUnf1SM1+gSH2bY1P41MNFaWdXaG2nkhoJS9WQNQxk6g9KNuncKderBLG7vOsp77GtQqNs0bEazxip/I6wfg==

toposort@^2.0.2:
  version "2.0.2"
  resolved "https://registry.yarnpkg.com/toposort/-/toposort-2.0.2.tgz#ae21768175d1559d48bef35420b2f4962f09c330"
  integrity sha1-riF2gXXRVZ1IvvNUILL0li8JwzA=

yup@^0.32.8:
  version "0.32.8"
  resolved "https://registry.yarnpkg.com/yup/-/yup-0.32.8.tgz#16e4a949a86a69505abf99fd0941305ac9adfc39"
  integrity sha512-SZulv5FIZ9d5H99EN5tRCRPXL0eyoYxWIP1AacCrjC9d4DfP13J1dROdKGfpfRHT3eQB6/ikBl5jG21smAfCkA==
  dependencies:
    "@babel/runtime" "^7.10.5"
    "@types/lodash" "^4.14.165"
    lodash "^4.17.20"
    lodash-es "^4.17.11"
    nanoclone "^0.2.1"
    property-expr "^2.0.4"
    toposort "^2.0.2"
