{
  "name": "@moodlenet/test-extension-2",
  "version": "0.1.0",
  "lockfileVersion": 2,
  "requires": true,
  "packages": {
    "": {
      "name": "@moodlenet/test-extension-2",
      "version": "0.1.0",
      "license": "AGPL-3.0",
      "devDependencies": {
        "@types/node": "^17.0.35",
        "@types/react": "^18.0.9",
        "@types/react-dom": "^18.0.5",
        "@types/react-router-dom": "^5.3.3",
        "typescript": "^4.7.2"
      },
      "engines": {
        "node": ">=16"
      },
      "peerDependencies": {
        "@moodlenet/core": "^0.1.0",
        "@moodlenet/test-extension": "^0.1.0"
      }
    },
    "../core": {
      "name": "@moodlenet/core",
      "version": "0.1.0",
      "license": "AGPL-3.0",
      "peer": true,
      "dependencies": {
        "axios": "^0.27.2",
        "dependency-graph": "^0.11.0",
        "dotenv": "^16.0.0",
        "dotenv-expand": "^8.0.1",
        "execa": "^5.1.1",
        "pkg-dir": "^7.0.0",
        "prompts": "^2.4.2",
        "rimraf": "^3.0.2",
        "rxjs": "^7.5.5",
        "semver": "^7.3.6",
        "tar": "^6.1.11"
      },
      "bin": {
        "core": "lib/bin/cli.mjs"
      },
      "devDependencies": {
        "@types/node": "^17.0.35",
        "@types/prompts": "^2.0.14",
        "@types/semver": "^7.3.9",
        "@types/tar": "^6.1.1",
        "@types/yargs": "^17.0.10",
        "typescript": "^4.7.2"
      },
      "engines": {
        "node": ">=16"
      }
    },
    "../core/node_modules/typescript": {
      "version": "4.7.3",
      "dev": true,
      "license": "Apache-2.0",
      "peer": true,
      "bin": {
        "tsc": "bin/tsc",
        "tsserver": "bin/tsserver"
      },
      "engines": {
        "node": ">=4.2.0"
      }
    },
    "../test-extension": {
      "name": "@moodlenet/test-extension",
      "version": "0.1.0",
      "license": "AGPL-3.0",
      "peer": true,
      "devDependencies": {
        "@types/node": "^17.0.35",
        "@types/react": "^18.0.9",
        "@types/react-dom": "^18.0.5",
        "@types/react-router-dom": "^5.3.3",
        "typescript": "^4.7.2"
      },
      "engines": {
        "node": ">=16"
      },
      "peerDependencies": {
        "@moodlenet/core": "^0.1.0"
      }
    },
    "../test-extension/node_modules/@moodlenet/core": {
      "resolved": "../core",
      "link": true
    },
    "../test-extension/node_modules/typescript": {
      "version": "4.7.3",
      "dev": true,
      "license": "Apache-2.0",
      "peer": true,
      "bin": {
        "tsc": "bin/tsc",
        "tsserver": "bin/tsserver"
      },
      "engines": {
        "node": ">=4.2.0"
      }
    },
    "node_modules/@moodlenet/core": {
      "resolved": "../core",
      "link": true
    },
    "node_modules/@moodlenet/test-extension": {
      "resolved": "../test-extension",
      "link": true
    },
    "node_modules/@types/history": {
      "version": "4.7.11",
      "resolved": "https://registry.npmjs.org/@types/history/-/history-4.7.11.tgz",
      "integrity": "sha512-qjDJRrmvBMiTx+jyLxvLfJU7UznFuokDv4f3WRuriHKERccVpFU+8XMQUAbDzoiJCsmexxRExQeMwwCdamSKDA==",
      "dev": true,
      "license": "MIT"
    },
    "node_modules/@types/node": {
      "version": "17.0.45",
      "resolved": "https://registry.npmjs.org/@types/node/-/node-17.0.45.tgz",
      "integrity": "sha512-w+tIMs3rq2afQdsPJlODhoUEKzFP1ayaoyl1CcnwtIlsVe7K7bA1NGm4s3PraqTLlXnbIN84zuBlxBWo1u9BLw==",
      "dev": true
    },
    "node_modules/@types/prop-types": {
      "version": "15.7.5",
      "resolved": "https://registry.npmjs.org/@types/prop-types/-/prop-types-15.7.5.tgz",
      "integrity": "sha512-JCB8C6SnDoQf0cNycqd/35A7MjcnK+ZTqE7judS6o7utxUCg6imJg3QK2qzHKszlTjcj2cn+NwMB2i96ubpj7w==",
      "dev": true,
      "license": "MIT"
    },
    "node_modules/@types/react": {
      "version": "18.0.20",
      "resolved": "https://registry.npmjs.org/@types/react/-/react-18.0.20.tgz",
      "integrity": "sha512-MWul1teSPxujEHVwZl4a5HxQ9vVNsjTchVA+xRqv/VYGCuKGAU6UhfrTdF5aBefwD1BHUD8i/zq+O/vyCm/FrA==",
      "dev": true,
      "dependencies": {
        "@types/prop-types": "*",
        "@types/scheduler": "*",
        "csstype": "^3.0.2"
      }
    },
    "node_modules/@types/react-dom": {
      "version": "18.0.6",
      "resolved": "https://registry.npmjs.org/@types/react-dom/-/react-dom-18.0.6.tgz",
      "integrity": "sha512-/5OFZgfIPSwy+YuIBP/FgJnQnsxhZhjjrnxudMddeblOouIodEQ75X14Rr4wGSG/bknL+Omy9iWlLo1u/9GzAA==",
      "dev": true,
      "dependencies": {
        "@types/react": "*"
      }
    },
    "node_modules/@types/react-router": {
      "version": "5.1.19",
      "resolved": "https://registry.npmjs.org/@types/react-router/-/react-router-5.1.19.tgz",
      "integrity": "sha512-Fv/5kb2STAEMT3wHzdKQK2z8xKq38EDIGVrutYLmQVVLe+4orDFquU52hQrULnEHinMKv9FSA6lf9+uNT1ITtA==",
      "dev": true,
      "license": "MIT",
      "dependencies": {
        "@types/history": "^4.7.11",
        "@types/react": "*"
      }
    },
    "node_modules/@types/react-router-dom": {
      "version": "5.3.3",
      "resolved": "https://registry.npmjs.org/@types/react-router-dom/-/react-router-dom-5.3.3.tgz",
      "integrity": "sha512-kpqnYK4wcdm5UaWI3fLcELopqLrHgLqNsdpHauzlQktfkHL3npOSwtj1Uz9oKBAzs7lFtVkV8j83voAz2D8fhw==",
      "dev": true,
      "dependencies": {
        "@types/history": "^4.7.11",
        "@types/react": "*",
        "@types/react-router": "*"
      }
    },
    "node_modules/@types/scheduler": {
      "version": "0.16.2",
      "resolved": "https://registry.npmjs.org/@types/scheduler/-/scheduler-0.16.2.tgz",
      "integrity": "sha512-hppQEBDmlwhFAXKJX2KnWLYu5yMfi91yazPb2l+lbJiwW+wdo1gNeRA+3RgNSO39WYX2euey41KEwnqesU2Jew==",
      "dev": true,
      "license": "MIT"
    },
    "node_modules/csstype": {
      "version": "3.1.1",
      "resolved": "https://registry.npmjs.org/csstype/-/csstype-3.1.1.tgz",
      "integrity": "sha512-DJR/VvkAvSZW9bTouZue2sSxDwdTN92uHjqeKVm+0dAqdfNykRzQ95tay8aXMBAAPpUiq4Qcug2L7neoRh2Egw==",
      "dev": true,
      "license": "MIT"
    },
    "node_modules/typescript": {
      "version": "4.8.3",
      "resolved": "https://registry.npmjs.org/typescript/-/typescript-4.8.3.tgz",
      "integrity": "sha512-goMHfm00nWPa8UvR/CPSvykqf6dVV8x/dp0c5mFTMTIu0u0FlGWRioyy7Nn0PGAdHxpJZnuO/ut+PpQ8UiHAig==",
      "dev": true,
      "license": "Apache-2.0",
      "bin": {
        "tsc": "bin/tsc",
        "tsserver": "bin/tsserver"
      },
      "engines": {
        "node": ">=4.2.0"
      }
    }
  },
  "dependencies": {
    "@moodlenet/core": {
      "version": "file:../core",
      "requires": {
        "@types/node": "^17.0.35",
        "@types/prompts": "^2.0.14",
        "@types/semver": "^7.3.9",
        "@types/tar": "^6.1.1",
        "@types/yargs": "^17.0.10",
        "axios": "^0.27.2",
        "dependency-graph": "^0.11.0",
        "dotenv": "^16.0.0",
        "dotenv-expand": "^8.0.1",
        "execa": "^5.1.1",
        "pkg-dir": "^7.0.0",
        "prompts": "^2.4.2",
        "rimraf": "^3.0.2",
        "rxjs": "^7.5.5",
        "semver": "^7.3.6",
        "tar": "^6.1.11",
        "typescript": "^4.7.2"
      },
      "dependencies": {
        "typescript": {
          "version": "4.7.3",
          "dev": true,
          "peer": true
        }
      }
    },
    "@moodlenet/test-extension": {
      "version": "file:../test-extension",
      "requires": {
        "@types/node": "^17.0.35",
        "@types/react": "^18.0.9",
        "@types/react-dom": "^18.0.5",
        "@types/react-router-dom": "^5.3.3",
        "typescript": "^4.7.2"
      },
      "dependencies": {
        "@moodlenet/core": {
          "version": "file:../core",
          "requires": {
            "@types/node": "^17.0.35",
            "@types/prompts": "^2.0.14",
            "@types/semver": "^7.3.9",
            "@types/tar": "^6.1.1",
            "@types/yargs": "^17.0.10",
            "axios": "^0.27.2",
            "dependency-graph": "^0.11.0",
            "dotenv": "^16.0.0",
            "dotenv-expand": "^8.0.1",
            "execa": "^5.1.1",
            "pkg-dir": "^7.0.0",
            "prompts": "^2.4.2",
            "rimraf": "^3.0.2",
            "rxjs": "^7.5.5",
            "semver": "^7.3.6",
            "tar": "^6.1.11",
            "typescript": "^4.7.2"
          },
          "dependencies": {
            "typescript": {
              "version": "4.7.3",
              "dev": true,
              "peer": true
            }
          }
        },
        "typescript": {
          "version": "4.7.3",
          "dev": true,
          "peer": true
        }
      }
    },
    "@types/history": {
      "version": "4.7.11",
      "resolved": "https://registry.npmjs.org/@types/history/-/history-4.7.11.tgz",
      "integrity": "sha512-qjDJRrmvBMiTx+jyLxvLfJU7UznFuokDv4f3WRuriHKERccVpFU+8XMQUAbDzoiJCsmexxRExQeMwwCdamSKDA==",
      "dev": true
    },
    "@types/node": {
      "version": "17.0.45",
      "resolved": "https://registry.npmjs.org/@types/node/-/node-17.0.45.tgz",
      "integrity": "sha512-w+tIMs3rq2afQdsPJlODhoUEKzFP1ayaoyl1CcnwtIlsVe7K7bA1NGm4s3PraqTLlXnbIN84zuBlxBWo1u9BLw==",
      "dev": true
    },
    "@types/prop-types": {
      "version": "15.7.5",
      "resolved": "https://registry.npmjs.org/@types/prop-types/-/prop-types-15.7.5.tgz",
      "integrity": "sha512-JCB8C6SnDoQf0cNycqd/35A7MjcnK+ZTqE7judS6o7utxUCg6imJg3QK2qzHKszlTjcj2cn+NwMB2i96ubpj7w==",
      "dev": true
    },
    "@types/react": {
      "version": "18.0.20",
      "resolved": "https://registry.npmjs.org/@types/react/-/react-18.0.20.tgz",
      "integrity": "sha512-MWul1teSPxujEHVwZl4a5HxQ9vVNsjTchVA+xRqv/VYGCuKGAU6UhfrTdF5aBefwD1BHUD8i/zq+O/vyCm/FrA==",
      "dev": true,
      "requires": {
        "@types/prop-types": "*",
        "@types/scheduler": "*",
        "csstype": "^3.0.2"
      }
    },
    "@types/react-dom": {
      "version": "18.0.6",
      "resolved": "https://registry.npmjs.org/@types/react-dom/-/react-dom-18.0.6.tgz",
      "integrity": "sha512-/5OFZgfIPSwy+YuIBP/FgJnQnsxhZhjjrnxudMddeblOouIodEQ75X14Rr4wGSG/bknL+Omy9iWlLo1u/9GzAA==",
      "dev": true,
      "requires": {
        "@types/react": "*"
      }
    },
    "@types/react-router": {
      "version": "5.1.19",
      "resolved": "https://registry.npmjs.org/@types/react-router/-/react-router-5.1.19.tgz",
      "integrity": "sha512-Fv/5kb2STAEMT3wHzdKQK2z8xKq38EDIGVrutYLmQVVLe+4orDFquU52hQrULnEHinMKv9FSA6lf9+uNT1ITtA==",
      "dev": true,
      "requires": {
        "@types/history": "^4.7.11",
        "@types/react": "*"
      }
    },
    "@types/react-router-dom": {
      "version": "5.3.3",
      "resolved": "https://registry.npmjs.org/@types/react-router-dom/-/react-router-dom-5.3.3.tgz",
      "integrity": "sha512-kpqnYK4wcdm5UaWI3fLcELopqLrHgLqNsdpHauzlQktfkHL3npOSwtj1Uz9oKBAzs7lFtVkV8j83voAz2D8fhw==",
      "dev": true,
      "requires": {
        "@types/history": "^4.7.11",
        "@types/react": "*",
        "@types/react-router": "*"
      }
    },
    "@types/scheduler": {
      "version": "0.16.2",
      "resolved": "https://registry.npmjs.org/@types/scheduler/-/scheduler-0.16.2.tgz",
      "integrity": "sha512-hppQEBDmlwhFAXKJX2KnWLYu5yMfi91yazPb2l+lbJiwW+wdo1gNeRA+3RgNSO39WYX2euey41KEwnqesU2Jew==",
      "dev": true
    },
    "csstype": {
      "version": "3.1.1",
      "resolved": "https://registry.npmjs.org/csstype/-/csstype-3.1.1.tgz",
      "integrity": "sha512-DJR/VvkAvSZW9bTouZue2sSxDwdTN92uHjqeKVm+0dAqdfNykRzQ95tay8aXMBAAPpUiq4Qcug2L7neoRh2Egw==",
      "dev": true
    },
    "typescript": {
      "version": "4.8.3",
      "resolved": "https://registry.npmjs.org/typescript/-/typescript-4.8.3.tgz",
      "integrity": "sha512-goMHfm00nWPa8UvR/CPSvykqf6dVV8x/dp0c5mFTMTIu0u0FlGWRioyy7Nn0PGAdHxpJZnuO/ut+PpQ8UiHAig==",
      "dev": true
    }
  }
}
