# THIS IS AN AUTOGENERATED FILE. DO NOT EDIT THIS FILE DIRECTLY.
# yarn lockfile v1


ts-essentials@^9.1.2:
  version "9.1.2"
  resolved "https://registry.npmjs.org/ts-essentials/-/ts-essentials-9.1.2.tgz#46db6944b73b4cd603f3d959ef1123c16ba56f59"
  integrity sha512-EaSmXsAhEiirrTY1Oaa7TSpei9dzuCuFPmjKRJRPamERYtfaGS8/KpOSbjergLz/Y76/aZlV9i/krgzsuWEBbg==

type-fest@^2.12.1:
  version "2.13.0"
  resolved "https://registry.npmjs.org/type-fest/-/type-fest-2.13.0.tgz#d1ecee38af29eb2e863b22299a3d68ef30d2abfb"
  integrity sha512-lPfAm42MxE4/456+QyIaaVBAwgpJb6xZ8PRu09utnhPdWwcyj9vgy6Sq0Z5yNbJ21EdxB5dRU/Qg8bsyAMtlcw==

typescript@^4.7.2:
  version "4.7.2"
  resolved "https://registry.npmjs.org/typescript/-/typescript-4.7.2.tgz#1f9aa2ceb9af87cca227813b4310fff0b51593c4"
  integrity sha512-Mamb1iX2FDUpcTRzltPxgWMKy3fhg0TN378ylbktPGPK/99KbDtMQ4W1hwgsbPAsG3a0xKa1vmw4VKZQbkvz5A==
