{
  "name": "@moodlenet/email-service",
  "version": "0.2.0",
  "lockfileVersion": 2,
  "requires": true,
  "packages": {
    "": {
      "name": "@moodlenet/email-service",
      "version": "0.2.0",
      "license": "AGPL-3.0",
      "dependencies": {
        "nodemailer": "^6.6.1"
      },
      "devDependencies": {
        "@types/node": "^17.0.35",
        "@types/nodemailer": "^6.4.5",
        "@types/react": "^18.0.9",
        "@types/react-dom": "^18.0.5",
        "react-router-dom": "^6.3.0",
        "typescript": "^4.7.2"
      },
      "engines": {
        "node": ">=16"
      },
      "peerDependencies": {
        "@moodlenet/core": "^0.2.0",
        "@moodlenet/key-value-store": "^0.2.0"
      }
    },
    "node_modules/@remix-run/router": {
      "version": "1.0.4",
      "resolved": "https://registry.npmjs.org/@remix-run/router/-/router-1.0.4.tgz",
      "integrity": "sha512-gTL8H5USTAKOyVA4xczzDJnC3HMssdFa3tRlwBicXynx9XfiXwneHnYQogwSKpdCkjXISrEKSTtX62rLpNEVQg==",
      "dev": true,
      "engines": {
        "node": ">=14"
      }
    },
    "node_modules/@types/node": {
      "version": "17.0.45",
      "resolved": "https://registry.npmjs.org/@types/node/-/node-17.0.45.tgz",
      "integrity": "sha512-w+tIMs3rq2afQdsPJlODhoUEKzFP1ayaoyl1CcnwtIlsVe7K7bA1NGm4s3PraqTLlXnbIN84zuBlxBWo1u9BLw==",
      "dev": true
    },
    "node_modules/@types/nodemailer": {
      "version": "6.4.6",
      "resolved": "https://registry.npmjs.org/@types/nodemailer/-/nodemailer-6.4.6.tgz",
      "integrity": "sha512-pD6fL5GQtUKvD2WnPmg5bC2e8kWCAPDwMPmHe/ohQbW+Dy0EcHgZ2oCSuPlWNqk74LS5BVMig1SymQbFMPPK3w==",
      "dev": true,
      "dependencies": {
        "@types/node": "*"
      }
    },
    "node_modules/@types/prop-types": {
      "version": "15.7.5",
      "resolved": "https://registry.npmjs.org/@types/prop-types/-/prop-types-15.7.5.tgz",
      "integrity": "sha512-JCB8C6SnDoQf0cNycqd/35A7MjcnK+ZTqE7judS6o7utxUCg6imJg3QK2qzHKszlTjcj2cn+NwMB2i96ubpj7w==",
      "dev": true
    },
    "node_modules/@types/react": {
      "version": "18.0.26",
      "resolved": "https://registry.npmjs.org/@types/react/-/react-18.0.26.tgz",
      "integrity": "sha512-hCR3PJQsAIXyxhTNSiDFY//LhnMZWpNNr5etoCqx/iUfGc5gXWtQR2Phl908jVR6uPXacojQWTg4qRpkxTuGug==",
      "dev": true,
      "dependencies": {
        "@types/prop-types": "*",
        "@types/scheduler": "*",
        "csstype": "^3.0.2"
      }
    },
    "node_modules/@types/react-dom": {
      "version": "18.0.9",
      "resolved": "https://registry.npmjs.org/@types/react-dom/-/react-dom-18.0.9.tgz",
      "integrity": "sha512-qnVvHxASt/H7i+XG1U1xMiY5t+IHcPGUK7TDMDzom08xa7e86eCeKOiLZezwCKVxJn6NEiiy2ekgX8aQssjIKg==",
      "dev": true,
      "dependencies": {
        "@types/react": "*"
      }
    },
    "node_modules/@types/scheduler": {
      "version": "0.16.2",
      "resolved": "https://registry.npmjs.org/@types/scheduler/-/scheduler-0.16.2.tgz",
      "integrity": "sha512-hppQEBDmlwhFAXKJX2KnWLYu5yMfi91yazPb2l+lbJiwW+wdo1gNeRA+3RgNSO39WYX2euey41KEwnqesU2Jew==",
      "dev": true
    },
    "node_modules/csstype": {
      "version": "3.1.1",
      "resolved": "https://registry.npmjs.org/csstype/-/csstype-3.1.1.tgz",
      "integrity": "sha512-DJR/VvkAvSZW9bTouZue2sSxDwdTN92uHjqeKVm+0dAqdfNykRzQ95tay8aXMBAAPpUiq4Qcug2L7neoRh2Egw==",
      "dev": true
    },
    "node_modules/nodemailer": {
      "version": "6.8.0",
      "resolved": "https://registry.npmjs.org/nodemailer/-/nodemailer-6.8.0.tgz",
      "integrity": "sha512-EjYvSmHzekz6VNkNd12aUqAco+bOkRe3Of5jVhltqKhEsjw/y0PYPJfp83+s9Wzh1dspYAkUW/YNQ350NATbSQ==",
      "engines": {
        "node": ">=6.0.0"
      }
    },
    "node_modules/react-router": {
      "version": "6.4.4",
      "resolved": "https://registry.npmjs.org/react-router/-/react-router-6.4.4.tgz",
      "integrity": "sha512-SA6tSrUCRfuLWeYsTJDuriRqfFIsrSvuH7SqAJHegx9ZgxadE119rU8oOX/rG5FYEthpdEaEljdjDlnBxvfr+Q==",
      "dev": true,
      "dependencies": {
        "@remix-run/router": "1.0.4"
      },
      "engines": {
        "node": ">=14"
      },
      "peerDependencies": {
        "react": ">=16.8"
      }
    },
    "node_modules/react-router-dom": {
      "version": "6.4.4",
      "resolved": "https://registry.npmjs.org/react-router-dom/-/react-router-dom-6.4.4.tgz",
      "integrity": "sha512-0Axverhw5d+4SBhLqLpzPhNkmv7gahUwlUVIOrRLGJ4/uwt30JVajVJXqv2Qr/LCwyvHhQc7YyK1Do8a9Jj7qA==",
      "dev": true,
      "dependencies": {
        "@remix-run/router": "1.0.4",
        "react-router": "6.4.4"
      },
      "engines": {
        "node": ">=14"
      },
      "peerDependencies": {
        "react": ">=16.8",
        "react-dom": ">=16.8"
      }
    },
    "node_modules/typescript": {
      "version": "4.9.3",
      "resolved": "https://registry.npmjs.org/typescript/-/typescript-4.9.3.tgz",
      "integrity": "sha512-CIfGzTelbKNEnLpLdGFgdyKhG23CKdKgQPOBc+OUNrkJ2vr+KSzsSV5kq5iWhEQbok+quxgGzrAtGWCyU7tHnA==",
      "dev": true,
      "bin": {
        "tsc": "bin/tsc",
        "tsserver": "bin/tsserver"
      },
      "engines": {
        "node": ">=4.2.0"
      }
    }
  },
  "dependencies": {
    "@remix-run/router": {
      "version": "1.0.4",
      "resolved": "https://registry.npmjs.org/@remix-run/router/-/router-1.0.4.tgz",
      "integrity": "sha512-gTL8H5USTAKOyVA4xczzDJnC3HMssdFa3tRlwBicXynx9XfiXwneHnYQogwSKpdCkjXISrEKSTtX62rLpNEVQg==",
      "dev": true
    },
    "@types/node": {
      "version": "17.0.45",
      "resolved": "https://registry.npmjs.org/@types/node/-/node-17.0.45.tgz",
      "integrity": "sha512-w+tIMs3rq2afQdsPJlODhoUEKzFP1ayaoyl1CcnwtIlsVe7K7bA1NGm4s3PraqTLlXnbIN84zuBlxBWo1u9BLw==",
      "dev": true
    },
    "@types/nodemailer": {
      "version": "6.4.6",
      "resolved": "https://registry.npmjs.org/@types/nodemailer/-/nodemailer-6.4.6.tgz",
      "integrity": "sha512-pD6fL5GQtUKvD2WnPmg5bC2e8kWCAPDwMPmHe/ohQbW+Dy0EcHgZ2oCSuPlWNqk74LS5BVMig1SymQbFMPPK3w==",
      "dev": true,
      "requires": {
        "@types/node": "*"
      }
    },
    "@types/prop-types": {
      "version": "15.7.5",
      "resolved": "https://registry.npmjs.org/@types/prop-types/-/prop-types-15.7.5.tgz",
      "integrity": "sha512-JCB8C6SnDoQf0cNycqd/35A7MjcnK+ZTqE7judS6o7utxUCg6imJg3QK2qzHKszlTjcj2cn+NwMB2i96ubpj7w==",
      "dev": true
    },
    "@types/react": {
      "version": "18.0.26",
      "resolved": "https://registry.npmjs.org/@types/react/-/react-18.0.26.tgz",
      "integrity": "sha512-hCR3PJQsAIXyxhTNSiDFY//LhnMZWpNNr5etoCqx/iUfGc5gXWtQR2Phl908jVR6uPXacojQWTg4qRpkxTuGug==",
      "dev": true,
      "requires": {
        "@types/prop-types": "*",
        "@types/scheduler": "*",
        "csstype": "^3.0.2"
      }
    },
    "@types/react-dom": {
      "version": "18.0.9",
      "resolved": "https://registry.npmjs.org/@types/react-dom/-/react-dom-18.0.9.tgz",
      "integrity": "sha512-qnVvHxASt/H7i+XG1U1xMiY5t+IHcPGUK7TDMDzom08xa7e86eCeKOiLZezwCKVxJn6NEiiy2ekgX8aQssjIKg==",
      "dev": true,
      "requires": {
        "@types/react": "*"
      }
    },
    "@types/scheduler": {
      "version": "0.16.2",
      "resolved": "https://registry.npmjs.org/@types/scheduler/-/scheduler-0.16.2.tgz",
      "integrity": "sha512-hppQEBDmlwhFAXKJX2KnWLYu5yMfi91yazPb2l+lbJiwW+wdo1gNeRA+3RgNSO39WYX2euey41KEwnqesU2Jew==",
      "dev": true
    },
    "csstype": {
      "version": "3.1.1",
      "resolved": "https://registry.npmjs.org/csstype/-/csstype-3.1.1.tgz",
      "integrity": "sha512-DJR/VvkAvSZW9bTouZue2sSxDwdTN92uHjqeKVm+0dAqdfNykRzQ95tay8aXMBAAPpUiq4Qcug2L7neoRh2Egw==",
      "dev": true
    },
    "nodemailer": {
      "version": "6.8.0",
      "resolved": "https://registry.npmjs.org/nodemailer/-/nodemailer-6.8.0.tgz",
      "integrity": "sha512-EjYvSmHzekz6VNkNd12aUqAco+bOkRe3Of5jVhltqKhEsjw/y0PYPJfp83+s9Wzh1dspYAkUW/YNQ350NATbSQ=="
    },
    "react-router": {
      "version": "6.4.4",
      "resolved": "https://registry.npmjs.org/react-router/-/react-router-6.4.4.tgz",
      "integrity": "sha512-SA6tSrUCRfuLWeYsTJDuriRqfFIsrSvuH7SqAJHegx9ZgxadE119rU8oOX/rG5FYEthpdEaEljdjDlnBxvfr+Q==",
      "dev": true,
      "requires": {
        "@remix-run/router": "1.0.4"
      }
    },
    "react-router-dom": {
      "version": "6.4.4",
      "resolved": "https://registry.npmjs.org/react-router-dom/-/react-router-dom-6.4.4.tgz",
      "integrity": "sha512-0Axverhw5d+4SBhLqLpzPhNkmv7gahUwlUVIOrRLGJ4/uwt30JVajVJXqv2Qr/LCwyvHhQc7YyK1Do8a9Jj7qA==",
      "dev": true,
      "requires": {
        "@remix-run/router": "1.0.4",
        "react-router": "6.4.4"
      }
    },
    "typescript": {
      "version": "4.9.3",
      "resolved": "https://registry.npmjs.org/typescript/-/typescript-4.9.3.tgz",
      "integrity": "sha512-CIfGzTelbKNEnLpLdGFgdyKhG23CKdKgQPOBc+OUNrkJ2vr+KSzsSV5kq5iWhEQbok+quxgGzrAtGWCyU7tHnA==",
      "dev": true
    }
  }
}
