# THIS IS AN AUTOGENERATED FILE. DO NOT EDIT THIS FILE DIRECTLY.
# yarn lockfile v1


"@types/node@*", "@types/node@^17.0.35":
  version "17.0.39"
  resolved "https://registry.npmjs.org/@types/node/-/node-17.0.39.tgz#3652d82e2a16b4ea679d5ea3143b816c91b7e113"
  integrity sha512-JDU3YLlnPK3WDao6/DlXLOgSNpG13ct+CwIO17V8q0/9fWJyeMJJ/VyZ1lv8kDprihvZMydzVwf0tQOqGiY2Nw==

"@types/prompt@^1.1.2":
  version "1.1.2"
  resolved "https://registry.npmjs.org/@types/prompt/-/prompt-1.1.2.tgz#e9191350fe2c0035c22fef1235b1b09f26e5645a"
  integrity sha512-Zc9YzOvjAWxxGY7qo0Q6yINMVVspAa4p68UCzucWMU+GaPujpjwbOwzI38s7Jq01k0GztzLxXlRiFcZf/aeIWA==
  dependencies:
    "@types/node" "*"
    "@types/revalidator" "*"

"@types/revalidator@*":
  version "0.3.8"
  resolved "https://registry.npmjs.org/@types/revalidator/-/revalidator-0.3.8.tgz#86e0b03b49736000ad42ce6b002725e74c6805ff"
  integrity sha512-q6KSi3PklLGQ0CesZ/XuLwly4DXXlnJuucYOG9lrBqrP8rKiuPZThav2h2+pFjaheNpnT0qKK3i304QWIePeJw==

"@types/yargs-parser@*":
  version "21.0.0"
  resolved "https://registry.npmjs.org/@types/yargs-parser/-/yargs-parser-21.0.0.tgz#0c60e537fa790f5f9472ed2776c2b71ec117351b"
  integrity sha512-iO9ZQHkZxHn4mSakYV0vFHAVDyEOIJQrV2uZ06HxEPcx+mt8swXoZHIbaaJ2crJYFfErySgktuTZ3BeLz+XmFA==

"@types/yargs@^17.0.10":
  version "17.0.10"
  resolved "https://registry.npmjs.org/@types/yargs/-/yargs-17.0.10.tgz#591522fce85d8739bca7b8bb90d048e4478d186a"
  integrity sha512-gmEaFwpj/7f/ROdtIlci1R1VYU1J4j95m8T+Tj3iBgiBFKg1foE/PSl93bBd5T9LDXNPo8UlNN6W0qwD8O5OaA==
  dependencies:
    "@types/yargs-parser" "*"

dotenv-expand@^8.0.1:
  version "8.0.3"
  resolved "https://registry.npmjs.org/dotenv-expand/-/dotenv-expand-8.0.3.tgz#29016757455bcc748469c83a19b36aaf2b83dd6e"
  integrity sha512-SErOMvge0ZUyWd5B0NXMQlDkN+8r+HhVUsxgOO7IoPDOdDRD2JjExpN6y3KnFR66jsJMwSn1pqIivhU5rcJiNg==

dotenv@^16.0.0:
  version "16.0.1"
  resolved "https://registry.npmjs.org/dotenv/-/dotenv-16.0.1.tgz#8f8f9d94876c35dac989876a5d3a82a267fdce1d"
  integrity sha512-1K6hR6wtk2FviQ4kEiSjFiH5rpzEVi8WW0x96aztHVMhEspNpc4DVOUTEHtEva5VThQ8IaBX1Pe4gSzpVVUsKQ==

typescript@^4.7.2:
  version "4.7.2"
  resolved "https://registry.npmjs.org/typescript/-/typescript-4.7.2.tgz#1f9aa2ceb9af87cca227813b4310fff0b51593c4"
  integrity sha512-Mamb1iX2FDUpcTRzltPxgWMKy3fhg0TN378ylbktPGPK/99KbDtMQ4W1hwgsbPAsG3a0xKa1vmw4VKZQbkvz5A==
