{
  "name": "@moodlenet/create",
  "version": "4.1.0",
  "lockfileVersion": 2,
  "requires": true,
  "packages": {
    "": {
      "name": "@moodlenet/create",
      "version": "4.1.0",
      "license": "AGPL-3.0",
      "dependencies": {
        "jose": "4.11.4"
      },
      "bin": {
        "create": "bin/install.mjs"
      },
      "engines": {
        "node": "16",
        "npm": "8",
        "yarn": "please-use-npm"
      }
    },
    "node_modules/jose": {
      "version": "4.11.4",
      "resolved": "https://registry.npmjs.org/jose/-/jose-4.11.4.tgz",
      "integrity": "sha512-94FdcR8felat4vaTJyL/WVdtlWLlsnLMZP8v+A0Vru18K3bQ22vn7TtpVh3JlgBFNIlYOUlGqwp/MjRPOnIyCQ==",
      "funding": {
        "url": "https://github.com/sponsors/panva"
      }
    }
  },
  "dependencies": {
    "jose": {
      "version": "4.11.4",
      "resolved": "https://registry.npmjs.org/jose/-/jose-4.11.4.tgz",
      "integrity": "sha512-94FdcR8felat4vaTJyL/WVdtlWLlsnLMZP8v+A0Vru18K3bQ22vn7TtpVh3JlgBFNIlYOUlGqwp/MjRPOnIyCQ=="
    }
  }
}
